<Solution>
  <Folder Name="/Solution Items/">
    <File Path=".dockerignore" />
    <File Path=".gitignore" />
    <File Path="docker-compose.yaml" />
  </Folder>
  <Project Path="TCG.Application/TCG.Application.csproj" />
  <Project Path="tcg.domain/tcg.domain.csproj" DisplayName="TCG.Domain" />
  <Project Path="tcg.ems/tcg.ems.csproj" DisplayName="TCG.EMS" />
  <Project Path="tcg.infrastructure/tcg.infrastructure.csproj" DisplayName="TCG.Infrastructure" />
  <Project Path="tcg.website/tcg.website.csproj" DisplayName="TCG.Website" />
</Solution>
