<Solution>
  <Folder Name="/Solution Items/">
    <File Path=".dockerignore" />
    <File Path=".gitignore" />
    <File Path="docker-compose.yaml" />
  </Folder>
  <Project Path="TCG.Application/TCG.Application.csproj" />
  <Project Path="TCG.Domain/TCG.Domain.csproj" DisplayName="TCG.Domain" />
  <Project Path="TCG.EMS/TCG.EMS.csproj" DisplayName="TCG.EMS" />
  <Project Path="TCG.Infrastructure/TCG.Infrastructure.csproj" DisplayName="TCG.Infrastructure" />
  <Project Path="TCG.Website/TCG.Website.csproj" DisplayName="TCG.Website" />
</Solution>
