
Microsoft Visual Studio Solution File, Format Version 12.00
# Visual Studio Version 18
VisualStudioVersion = 18.4.11513.90
MinimumVisualStudioVersion = 10.0.40219.1
Project("{FAE04EC0-301F-11D3-BF4B-00C04F79EFBC}") = "TCG.Application", "TCG.Application\TCG.Application.csproj", "{6781B9E8-A2C8-377B-2D95-811EDD56D4AF}"
EndProject
Project("{FAE04EC0-301F-11D3-BF4B-00C04F79EFBC}") = "TCG.Domain", "TCG.Domain\TCG.Domain.csproj", "{3EC8DE0D-C4D0-CAD5-29E8-E4626BAB0960}"
EndProject
Project("{FAE04EC0-301F-11D3-BF4B-00C04F79EFBC}") = "TCG.EMS", "TCG.EMS\TCG.EMS.csproj", "{D5555E81-09FC-1E4A-6106-4B743ACCD65B}"
EndProject
Project("{FAE04EC0-301F-11D3-BF4B-00C04F79EFBC}") = "TCG.Infrastructure", "TCG.Infrastructure\TCG.Infrastructure.csproj", "{0D59AEDC-0D28-5B8D-FF7E-4D7D3B559145}"
EndProject
Project("{FAE04EC0-301F-11D3-BF4B-00C04F79EFBC}") = "TCG.Website", "TCG.Website\TCG.Website.csproj", "{1A85412E-B59C-1630-B18E-C5DB9CAD4129}"
EndProject
Project("{2150E333-8FDC-42A3-9474-1A3956D46DE8}") = "Solution Items", "Solution Items", "{93CC799A-00D4-4A24-9615-35F35386CB54}"
	ProjectSection(SolutionItems) = preProject
		.dockerignore = .dockerignore
		.gitignore = .gitignore
		init.sql = init.sql
	EndProjectSection
EndProject
Project("{FAE04EC0-301F-11D3-BF4B-00C04F79EFBC}") = "TCG.AppHost", "TCG.AppHost\TCG.AppHost.csproj", "{55550FE7-92ED-4E89-B9E9-497EEEA57793}"
EndProject
Project("{FAE04EC0-301F-11D3-BF4B-00C04F79EFBC}") = "TCG.ServiceDefaults", "TCG.ServiceDefaults\TCG.ServiceDefaults.csproj", "{4FCB2816-CE23-43E1-B504-4D4F9B29E9F0}"
EndProject
Global
	GlobalSection(SolutionConfigurationPlatforms) = preSolution
		Debug|Any CPU = Debug|Any CPU
		Release|Any CPU = Release|Any CPU
	EndGlobalSection
	GlobalSection(ProjectConfigurationPlatforms) = postSolution
		{6781B9E8-A2C8-377B-2D95-811EDD56D4AF}.Debug|Any CPU.ActiveCfg = Debug|Any CPU
		{6781B9E8-A2C8-377B-2D95-811EDD56D4AF}.Debug|Any CPU.Build.0 = Debug|Any CPU
		{6781B9E8-A2C8-377B-2D95-811EDD56D4AF}.Release|Any CPU.ActiveCfg = Release|Any CPU
		{6781B9E8-A2C8-377B-2D95-811EDD56D4AF}.Release|Any CPU.Build.0 = Release|Any CPU
		{3EC8DE0D-C4D0-CAD5-29E8-E4626BAB0960}.Debug|Any CPU.ActiveCfg = Debug|Any CPU
		{3EC8DE0D-C4D0-CAD5-29E8-E4626BAB0960}.Debug|Any CPU.Build.0 = Debug|Any CPU
		{3EC8DE0D-C4D0-CAD5-29E8-E4626BAB0960}.Release|Any CPU.ActiveCfg = Release|Any CPU
		{3EC8DE0D-C4D0-CAD5-29E8-E4626BAB0960}.Release|Any CPU.Build.0 = Release|Any CPU
		{D5555E81-09FC-1E4A-6106-4B743ACCD65B}.Debug|Any CPU.ActiveCfg = Debug|Any CPU
		{D5555E81-09FC-1E4A-6106-4B743ACCD65B}.Debug|Any CPU.Build.0 = Debug|Any CPU
		{D5555E81-09FC-1E4A-6106-4B743ACCD65B}.Release|Any CPU.ActiveCfg = Release|Any CPU
		{D5555E81-09FC-1E4A-6106-4B743ACCD65B}.Release|Any CPU.Build.0 = Release|Any CPU
		{0D59AEDC-0D28-5B8D-FF7E-4D7D3B559145}.Debug|Any CPU.ActiveCfg = Debug|Any CPU
		{0D59AEDC-0D28-5B8D-FF7E-4D7D3B559145}.Debug|Any CPU.Build.0 = Debug|Any CPU
		{0D59AEDC-0D28-5B8D-FF7E-4D7D3B559145}.Release|Any CPU.ActiveCfg = Release|Any CPU
		{0D59AEDC-0D28-5B8D-FF7E-4D7D3B559145}.Release|Any CPU.Build.0 = Release|Any CPU
		{1A85412E-B59C-1630-B18E-C5DB9CAD4129}.Debug|Any CPU.ActiveCfg = Debug|Any CPU
		{1A85412E-B59C-1630-B18E-C5DB9CAD4129}.Debug|Any CPU.Build.0 = Debug|Any CPU
		{1A85412E-B59C-1630-B18E-C5DB9CAD4129}.Release|Any CPU.ActiveCfg = Release|Any CPU
		{1A85412E-B59C-1630-B18E-C5DB9CAD4129}.Release|Any CPU.Build.0 = Release|Any CPU
		{55550FE7-92ED-4E89-B9E9-497EEEA57793}.Debug|Any CPU.ActiveCfg = Debug|Any CPU
		{55550FE7-92ED-4E89-B9E9-497EEEA57793}.Debug|Any CPU.Build.0 = Debug|Any CPU
		{55550FE7-92ED-4E89-B9E9-497EEEA57793}.Release|Any CPU.ActiveCfg = Release|Any CPU
		{55550FE7-92ED-4E89-B9E9-497EEEA57793}.Release|Any CPU.Build.0 = Release|Any CPU
		{4FCB2816-CE23-43E1-B504-4D4F9B29E9F0}.Debug|Any CPU.ActiveCfg = Debug|Any CPU
		{4FCB2816-CE23-43E1-B504-4D4F9B29E9F0}.Debug|Any CPU.Build.0 = Debug|Any CPU
		{4FCB2816-CE23-43E1-B504-4D4F9B29E9F0}.Release|Any CPU.ActiveCfg = Release|Any CPU
		{4FCB2816-CE23-43E1-B504-4D4F9B29E9F0}.Release|Any CPU.Build.0 = Release|Any CPU
	EndGlobalSection
	GlobalSection(SolutionProperties) = preSolution
		HideSolutionNode = FALSE
	EndGlobalSection
	GlobalSection(ExtensibilityGlobals) = postSolution
		SolutionGuid = {2F2733B3-EF77-4F95-BFB1-EEB58E1968BC}
	EndGlobalSection
EndGlobal
