{
  "version": 1,
  "dependencies": {
    "net10.0": {
      "AutoMapper": {
        "type": "Direct",
        "requested": "[12.0.1, )",
        "resolved": "12.0.1",
        "contentHash": "hvV62vl6Hp/WfQ24yzo3Co9+OPl8wH8hApwVtgWpiAynVJkUcs7xvehnSftawL8Pe8FrPffBRM3hwzLQqWDNjA=="
      },
      "AutoMapper.Extensions.Microsoft.DependencyInjection": {
        "type": "Direct",
        "requested": "[12.0.1, )",
        "resolved": "12.0.1",
        "contentHash": "+g/K+Vpe3gGMKGzjslMOdqNlkikScDjWfVvmWTayrDHaG/n2pPmFBMa+jKX1r/h6BDGFdkyRjAuhFE3ykW+r1g==",
        "dependencies": {
          "AutoMapper": "[12.0.1]"
        }
      },
      "Microsoft.AspNetCore.App.Internal.Assets": {
        "type": "Direct",
        "requested": "[10.0.2, )",
        "resolved": "10.0.2",
        "contentHash": "fMAqrUm+aspxRAsCJ6Hlgs96XSHwNIr9HBNt7wyBAzQkPlfE7w+0C4NzDoJnso5YZyDI0VcRtEXxG9odt3KiZA=="
      },
      "Microsoft.AspNetCore.Components.Web": {
        "type": "Direct",
        "requested": "[10.0.2, )",
        "resolved": "10.0.2",
        "contentHash": "RT31dJl7LUUIp8kqv1UyrJSbRsrSHYs+iMUPVOFvrrWUPchpLiMG+/GP3nDr3+y/7Zi8iI0LnHtg8/d5gYAEpw=="
      },
      "Microsoft.AspNetCore.Mvc.NewtonsoftJson": {
        "type": "Direct",
        "requested": "[10.0.2, )",
        "resolved": "10.0.2",
        "contentHash": "ori4kONmWIJsn8PbXIBVAp/mkY5S1tfNoOKEQi5AxyKoBNA0z7UTziPgTIcCq6rRFp5pF+7OliXwOXy8CBjpxA==",
        "dependencies": {
          "Microsoft.AspNetCore.JsonPatch": "10.0.2",
          "Newtonsoft.Json": "13.0.3",
          "Newtonsoft.Json.Bson": "1.0.2"
        }
      },
      "Microsoft.AspNetCore.Mvc.Razor.RuntimeCompilation": {
        "type": "Direct",
        "requested": "[10.0.2, )",
        "resolved": "10.0.2",
        "contentHash": "FN5Rv8tmQ2yr4iTiNIetVDyTaLxyt+ugUUo7d7aJnIiHLDr1piOnS8sxUZOEx6apECPLHvrGhQ2XFVdv7mWZ3Q==",
        "dependencies": {
          "Microsoft.AspNetCore.Mvc.Razor.Extensions": "6.0.0",
          "Microsoft.CodeAnalysis.Razor": "6.0.0",
          "Microsoft.Extensions.DependencyModel": "10.0.2"
        }
      },
      "Microsoft.EntityFrameworkCore": {
        "type": "Direct",
        "requested": "[10.0.2, )",
        "resolved": "10.0.2",
        "contentHash": "d3+XKbLSHPCu3vwpXECoXcFbvGKmAhEeUmc1xy2czmuPnEF7rZN2HP5ZGMwCMbAKk4B01+nS4HixSMo2Vf/Y9g==",
        "dependencies": {
          "Microsoft.EntityFrameworkCore.Abstractions": "10.0.2",
          "Microsoft.EntityFrameworkCore.Analyzers": "10.0.2"
        }
      },
      "Microsoft.EntityFrameworkCore.Design": {
        "type": "Direct",
        "requested": "[10.0.2, )",
        "resolved": "10.0.2",
        "contentHash": "tBwpyZ75SqcRjmZyhLYJVGKyfz1Z1dmsYtvJGZ2QLSI1tOHgMuLPTovunHA1JF9a0EWJs+WB6tVWmqo3DTL/MQ==",
        "dependencies": {
          "Humanizer.Core": "2.14.1",
          "Microsoft.Build.Framework": "18.0.2",
          "Microsoft.CodeAnalysis.CSharp": "5.0.0",
          "Microsoft.CodeAnalysis.CSharp.Workspaces": "5.0.0",
          "Microsoft.CodeAnalysis.Workspaces.MSBuild": "5.0.0",
          "Microsoft.EntityFrameworkCore.Relational": "10.0.2",
          "Microsoft.Extensions.DependencyModel": "10.0.2",
          "Mono.TextTemplating": "3.0.0",
          "Newtonsoft.Json": "13.0.3"
        }
      },
      "Microsoft.EntityFrameworkCore.Tools": {
        "type": "Direct",
        "requested": "[10.0.2, )",
        "resolved": "10.0.2",
        "contentHash": "Q7s7zCjEikOn4e7yS7kMPm3xkKR7CdfUhmN/sdFsKLslvS/iGS8zQUROvZRkbxRISA2SJ6sfho0cX8F8lo1khQ==",
        "dependencies": {
          "Microsoft.EntityFrameworkCore.Design": "10.0.2"
        }
      },
      "Microsoft.Extensions.Http": {
        "type": "Direct",
        "requested": "[10.0.2, )",
        "resolved": "10.0.2",
        "contentHash": "egUPC0xydb1ugCMcRyJ6zaOGOzx7N4coOVlGeLcIsXhUf1xHHwZeX+ob7JuG0dXExFduHYE/t+4/4y8BLlBKmw=="
      },
      "Microsoft.VisualStudio.Azure.Containers.Tools.Targets": {
        "type": "Direct",
        "requested": "[1.23.0, )",
        "resolved": "1.23.0",
        "contentHash": "2wDnb4umupJZ/1ikgWozFVpggH1mlHQFc0odXVv2ZagL3RYwXgW9zmC15fiqIBzmaC0vLZUnLGwDY+p8ZR7Syw=="
      },
      "Npgsql.EntityFrameworkCore.PostgreSQL": {
        "type": "Direct",
        "requested": "[8.0.5, )",
        "resolved": "8.0.8",
        "contentHash": "D5WWJZJTgZYUmGv66BARXbTlinp2a5f5RueJqGYoHuWJw02J0i2va/RA+8N4A5hLORK5YKMRqXhFWtKsZdrksw==",
        "dependencies": {
          "Microsoft.EntityFrameworkCore": "8.0.8",
          "Microsoft.EntityFrameworkCore.Abstractions": "8.0.8",
          "Microsoft.EntityFrameworkCore.Relational": "8.0.8",
          "Npgsql": "8.0.4"
        }
      },
      "Humanizer.Core": {
        "type": "Transitive",
        "resolved": "2.14.1",
        "contentHash": "lQKvtaTDOXnoVJ20ibTuSIOf2i0uO0MPbDhd1jm238I+U/2ZnRENj0cktKZhtchBMtCUSRQ5v4xBCUbKNmyVMw=="
      },
      "Microsoft.AspNetCore.Components.Analyzers": {
        "type": "Transitive",
        "resolved": "10.0.2",
        "contentHash": "MrgI7kJ1sgkw+jXSk2TgRawZfOXJ+1xaNjYlwbAxcRh0QSmG1GkavP/cdnudyUJrr3qlZeiATgDH2/OS+6gTNQ=="
      },
      "Microsoft.AspNetCore.JsonPatch": {
        "type": "Transitive",
        "resolved": "10.0.2",
        "contentHash": "AxRcJMoHvJ4NDVKiOas5Itd+uGhYcbkSqdtIWS49IQyJSwZuU4M9QCDt8anU3o4Dv5iDpkaLNWVmovH3x3E2ag==",
        "dependencies": {
          "Newtonsoft.Json": "13.0.3"
        }
      },
      "Microsoft.AspNetCore.Mvc.Razor.Extensions": {
        "type": "Transitive",
        "resolved": "6.0.0",
        "contentHash": "M0h+ChPgydX2xY17agiphnAVa/Qh05RAP8eeuqGGhQKT10claRBlLNO6d2/oSV8zy0RLHzwLnNZm5xuC/gckGA==",
        "dependencies": {
          "Microsoft.AspNetCore.Razor.Language": "6.0.0",
          "Microsoft.CodeAnalysis.Razor": "6.0.0"
        }
      },
      "Microsoft.AspNetCore.Razor.Language": {
        "type": "Transitive",
        "resolved": "6.0.0",
        "contentHash": "yCtBr1GSGzJrrp1NJUb4ltwFYMKHw/tJLnIDvg9g/FnkGIEzmE19tbCQqXARIJv5kdtBgsoVIdGLL+zmjxvM/A=="
      },
      "Microsoft.Build.Framework": {
        "type": "Transitive",
        "resolved": "18.0.2",
        "contentHash": "sOSb+0J4G/jCBW/YqmRuL0eOMXgfw1KQLdC9TkbvfA5xs7uNm+PBQXJCOzSJGXtZcZrtXozcwxPmUiRUbmd7FA=="
      },
      "Microsoft.CodeAnalysis.Analyzers": {
        "type": "Transitive",
        "resolved": "3.11.0",
        "contentHash": "v/EW3UE8/lbEYHoC2Qq7AR/DnmvpgdtAMndfQNmpuIMx/Mto8L5JnuCfdBYtgvalQOtfNCnxFejxuRrryvUTsg=="
      },
      "Microsoft.CodeAnalysis.Common": {
        "type": "Transitive",
        "resolved": "5.0.0",
        "contentHash": "ZXRAdvH6GiDeHRyd3q/km8Z44RoM6FBWHd+gen/la81mVnAdHTEsEkO5J0TCNXBymAcx5UYKt5TvgKBhaLJEow==",
        "dependencies": {
          "Microsoft.CodeAnalysis.Analyzers": "3.11.0"
        }
      },
      "Microsoft.CodeAnalysis.CSharp": {
        "type": "Transitive",
        "resolved": "5.0.0",
        "contentHash": "5DSyJ9bk+ATuDy7fp2Zt0mJStDVKbBoiz1DyfAwSa+k4H4IwykAUcV3URelw5b8/iVbfSaOwkwmPUZH6opZKCw==",
        "dependencies": {
          "Microsoft.CodeAnalysis.Analyzers": "3.11.0",
          "Microsoft.CodeAnalysis.Common": "[5.0.0]"
        }
      },
      "Microsoft.CodeAnalysis.CSharp.Workspaces": {
        "type": "Transitive",
        "resolved": "5.0.0",
        "contentHash": "Al/Q8B+yO8odSqGVpSvrShMFDvlQdIBU//F3E6Rb0YdiLSALE9wh/pvozPNnfmh5HDnvU+mkmSjpz4hQO++jaA==",
        "dependencies": {
          "Humanizer.Core": "2.14.1",
          "Microsoft.CodeAnalysis.Analyzers": "3.11.0",
          "Microsoft.CodeAnalysis.CSharp": "[5.0.0]",
          "Microsoft.CodeAnalysis.Common": "[5.0.0]",
          "Microsoft.CodeAnalysis.Workspaces.Common": "[5.0.0]",
          "System.Composition": "9.0.0"
        }
      },
      "Microsoft.CodeAnalysis.Razor": {
        "type": "Transitive",
        "resolved": "6.0.0",
        "contentHash": "uqdzuQXxD7XrJCbIbbwpI/LOv0PBJ9VIR0gdvANTHOfK5pjTaCir+XcwvYvBZ5BIzd0KGzyiamzlEWw1cK1q0w==",
        "dependencies": {
          "Microsoft.AspNetCore.Razor.Language": "6.0.0",
          "Microsoft.CodeAnalysis.CSharp": "4.0.0",
          "Microsoft.CodeAnalysis.Common": "4.0.0"
        }
      },
      "Microsoft.CodeAnalysis.Workspaces.Common": {
        "type": "Transitive",
        "resolved": "5.0.0",
        "contentHash": "ZbUmIvT6lqTNKiv06Jl5wf0MTMi1vQ1oH7ou4CLcs2C/no/L7EhP3T8y3XXvn9VbqMcJaJnEsNA1jwYUMgc5jg==",
        "dependencies": {
          "Humanizer.Core": "2.14.1",
          "Microsoft.CodeAnalysis.Analyzers": "3.11.0",
          "Microsoft.CodeAnalysis.Common": "[5.0.0]",
          "System.Composition": "9.0.0"
        }
      },
      "Microsoft.CodeAnalysis.Workspaces.MSBuild": {
        "type": "Transitive",
        "resolved": "5.0.0",
        "contentHash": "/G+LVoAGMz6Ae8nm+PGLxSw+F5RjYx/J7irbTO5uKAPw1bxHyQJLc/YOnpDxt+EpPtYxvC9wvBsg/kETZp1F9Q==",
        "dependencies": {
          "Humanizer.Core": "2.14.1",
          "Microsoft.Build.Framework": "17.11.31",
          "Microsoft.CodeAnalysis.Analyzers": "3.11.0",
          "Microsoft.CodeAnalysis.Workspaces.Common": "[5.0.0]",
          "Microsoft.VisualStudio.SolutionPersistence": "1.0.52",
          "Newtonsoft.Json": "13.0.3",
          "System.Composition": "9.0.0"
        }
      },
      "Microsoft.EntityFrameworkCore.Abstractions": {
        "type": "Transitive",
        "resolved": "10.0.2",
        "contentHash": "BzAwIU5mYeOmnKbEXrkwx7feW2V+zUTrK/kRonSib94tjvc0/iRj2a4N6YGXRhTNjaFP3tvCMIDaX1vIFF6dkg=="
      },
      "Microsoft.EntityFrameworkCore.Analyzers": {
        "type": "Transitive",
        "resolved": "10.0.2",
        "contentHash": "5C8aKN2HFhXfLhkrVvQ6yH990nw35pS7HNnwdBc628zIREaKJ4/rkdCXzxOdZo/SnCT3Kg7a/CqnhlzuJhlD4Q=="
      },
      "Microsoft.EntityFrameworkCore.Relational": {
        "type": "Transitive",
        "resolved": "10.0.2",
        "contentHash": "1fUeyNmqDNfMogJ2ut7OKO57/WGjjkHMYeX51SpA3PwP7ftbx8g/Z3fbErD+1q14DILrqJfsszYsYhGssBRfDg==",
        "dependencies": {
          "Microsoft.EntityFrameworkCore": "10.0.2"
        }
      },
      "Microsoft.Extensions.DependencyModel": {
        "type": "Transitive",
        "resolved": "10.0.2",
        "contentHash": "DHXzj/FKmUDmhzw7AHbMXbNNcgO8Cb9PDbYOUDICjFAdIALy2WbC6pm+dFKiAUNtcYMucZu2iMVw1ef/sdcZFw=="
      },
      "Microsoft.VisualStudio.SolutionPersistence": {
        "type": "Transitive",
        "resolved": "1.0.52",
        "contentHash": "oNv2JtYXhpdJrX63nibx1JT3uCESOBQ1LAk7Dtz/sr0+laW0KRM6eKp4CZ3MHDR2siIkKsY8MmUkeP5DKkQQ5w=="
      },
      "Mono.TextTemplating": {
        "type": "Transitive",
        "resolved": "3.0.0",
        "contentHash": "YqueG52R/Xej4VVbKuRIodjiAhV0HR/XVbLbNrJhCZnzjnSjgMJ/dCdV0akQQxavX6hp/LC6rqLGLcXeQYU7XA==",
        "dependencies": {
          "System.CodeDom": "6.0.0"
        }
      },
      "Newtonsoft.Json": {
        "type": "Transitive",
        "resolved": "13.0.3",
        "contentHash": "HrC5BXdl00IP9zeV+0Z848QWPAoCr9P3bDEZguI+gkLcBKAOxix/tLEAAHC+UvDNPv4a2d18lOReHMOagPa+zQ=="
      },
      "Newtonsoft.Json.Bson": {
        "type": "Transitive",
        "resolved": "1.0.2",
        "contentHash": "QYFyxhaABwmq3p/21VrZNYvCg3DaEoN/wUuw5nmfAf0X3HLjgupwhkEWdgfb9nvGAUIv3osmZoD3kKl4jxEmYQ==",
        "dependencies": {
          "Newtonsoft.Json": "12.0.1"
        }
      },
      "Npgsql": {
        "type": "Transitive",
        "resolved": "8.0.4",
        "contentHash": "vaYEUlF/pB9m8bs21wQv3Da0kMHT4A9USe47VfY/L2BO97xz5KfIxhEu22QS9d68ZrLxvtL3wQDfDLPr2OjbjA=="
      },
      "System.CodeDom": {
        "type": "Transitive",
        "resolved": "6.0.0",
        "contentHash": "CPc6tWO1LAer3IzfZufDBRL+UZQcj5uS207NHALQzP84Vp/z6wF0Aa0YZImOQY8iStY0A2zI/e3ihKNPfUm8XA=="
      },
      "System.Composition": {
        "type": "Transitive",
        "resolved": "9.0.0",
        "contentHash": "3Djj70fFTraOarSKmRnmRy/zm4YurICm+kiCtI0dYRqGJnLX6nJ+G3WYuFJ173cAPax/gh96REcbNiVqcrypFQ==",
        "dependencies": {
          "System.Composition.AttributedModel": "9.0.0",
          "System.Composition.Convention": "9.0.0",
          "System.Composition.Hosting": "9.0.0",
          "System.Composition.Runtime": "9.0.0",
          "System.Composition.TypedParts": "9.0.0"
        }
      },
      "System.Composition.AttributedModel": {
        "type": "Transitive",
        "resolved": "9.0.0",
        "contentHash": "iri00l/zIX9g4lHMY+Nz0qV1n40+jFYAmgsaiNn16xvt2RDwlqByNG4wgblagnDYxm3YSQQ0jLlC/7Xlk9CzyA=="
      },
      "System.Composition.Convention": {
        "type": "Transitive",
        "resolved": "9.0.0",
        "contentHash": "+vuqVP6xpi582XIjJi6OCsIxuoTZfR0M7WWufk3uGDeCl3wGW6KnpylUJ3iiXdPByPE0vR5TjJgR6hDLez4FQg==",
        "dependencies": {
          "System.Composition.AttributedModel": "9.0.0"
        }
      },
      "System.Composition.Hosting": {
        "type": "Transitive",
        "resolved": "9.0.0",
        "contentHash": "OFqSeFeJYr7kHxDfaViGM1ymk7d4JxK//VSoNF9Ux0gpqkLsauDZpu89kTHHNdCWfSljbFcvAafGyBoY094btQ==",
        "dependencies": {
          "System.Composition.Runtime": "9.0.0"
        }
      },
      "System.Composition.Runtime": {
        "type": "Transitive",
        "resolved": "9.0.0",
        "contentHash": "w1HOlQY1zsOWYussjFGZCEYF2UZXgvoYnS94NIu2CBnAGMbXFAX8PY8c92KwUItPmowal68jnVLBCzdrWLeEKA=="
      },
      "System.Composition.TypedParts": {
        "type": "Transitive",
        "resolved": "9.0.0",
        "contentHash": "aRZlojCCGEHDKqh43jaDgaVpYETsgd7Nx4g1zwLKMtv4iTo0627715ajEFNpEEBTgLmvZuv8K0EVxc3sM4NWJA==",
        "dependencies": {
          "System.Composition.AttributedModel": "9.0.0",
          "System.Composition.Hosting": "9.0.0",
          "System.Composition.Runtime": "9.0.0"
        }
      },
      "tcg.application": {
        "type": "Project",
        "dependencies": {
          "AutoMapper": "[12.0.1, )",
          "AutoMapper.Extensions.Microsoft.DependencyInjection": "[12.0.1, )",
          "Microsoft.AspNetCore.Components.Analyzers": "[10.0.2, )",
          "Microsoft.AspNetCore.Mvc.NewtonsoftJson": "[10.0.2, )",
          "Microsoft.AspNetCore.Mvc.Razor.RuntimeCompilation": "[10.0.2, )",
          "Npgsql.EntityFrameworkCore.PostgreSQL": "[8.0.5, )",
          "TCG.Domain": "[1.0.0, )"
        }
      },
      "tcg.domain": {
        "type": "Project",
        "dependencies": {
          "AutoMapper": "[12.0.1, )",
          "AutoMapper.Extensions.Microsoft.DependencyInjection": "[12.0.1, )",
          "Microsoft.AspNetCore.Mvc.NewtonsoftJson": "[10.0.2, )",
          "Microsoft.AspNetCore.Mvc.Razor.RuntimeCompilation": "[10.0.2, )",
          "Microsoft.EntityFrameworkCore": "[10.0.2, )",
          "Npgsql.EntityFrameworkCore.PostgreSQL": "[8.0.5, )"
        }
      },
      "tcg.infrastructure": {
        "type": "Project",
        "dependencies": {
          "AutoMapper": "[12.0.1, )",
          "AutoMapper.Extensions.Microsoft.DependencyInjection": "[12.0.1, )",
          "Microsoft.AspNetCore.Mvc.NewtonsoftJson": "[10.0.2, )",
          "Microsoft.AspNetCore.Mvc.Razor.RuntimeCompilation": "[10.0.2, )",
          "Microsoft.EntityFrameworkCore": "[10.0.2, )",
          "Npgsql.EntityFrameworkCore.PostgreSQL": "[8.0.5, )",
          "TCG.Application": "[1.0.0, )",
          "TCG.Domain": "[1.0.0, )"
        }
      }
    }
  }
}